// !$*UTF8*$!
{
	archiveVersion = 1;
	classes = {
	};
	objectVersion = 56;
	objects = {

/* Begin PBXBuildFile section */
		5FA15E4129D769FF00247927 /* Watch Interval Timer Watch App.app in Embed Watch Content */ = {isa = PBXBuildFile; fileRef = 5FA15E4029D769FF00247927 /* Watch Interval Timer Watch App.app */; settings = {ATTRIBUTES = (RemoveHeadersOnCopy, ); }; };
		5FA15E4629D76A0000247927 /* Watch_Interval_TimerApp.swift in Sources */ = {isa = PBXBuildFile; fileRef = 5FA15E4529D76A0000247927 /* Watch_Interval_TimerApp.swift */; };
		5FA15E4829D76A0000247927 /* ContentView.swift in Sources */ = {isa = PBXBuildFile; fileRef = 5FA15E4729D76A0000247927 /* ContentView.swift */; };
		5FA15E4A29D76A0300247927 /* Assets.xcassets in Resources */ = {isa = PBXBuildFile; fileRef = 5FA15E4929D76A0300247927 /* Assets.xcassets */; };
		5FA15E4D29D76A0300247927 /* Preview Assets.xcassets in Resources */ = {isa = PBXBuildFile; fileRef = 5FA15E4C29D76A0300247927 /* Preview Assets.xcassets */; };
		5FA15E5729D76A0400247927 /* Watch_Interval_Timer_Watch_AppTests.swift in Sources */ = {isa = PBXBuildFile; fileRef = 5FA15E5629D76A0400247927 /* Watch_Interval_Timer_Watch_AppTests.swift */; };
		5FA15E6129D76A0400247927 /* Watch_Interval_Timer_Watch_AppUITests.swift in Sources */ = {isa = PBXBuildFile; fileRef = 5FA15E6029D76A0400247927 /* Watch_Interval_Timer_Watch_AppUITests.swift */; };
		5FA15E6329D76A0400247927 /* Watch_Interval_Timer_Watch_AppUITestsLaunchTests.swift in Sources */ = {isa = PBXBuildFile; fileRef = 5FA15E6229D76A0400247927 /* Watch_Interval_Timer_Watch_AppUITestsLaunchTests.swift */; };
/* End PBXBuildFile section */

/* Begin PBXContainerItemProxy section */
		5FA15E4229D769FF00247927 /* PBXContainerItemProxy */ = {
			isa = PBXContainerItemProxy;
			containerPortal = 5FA15E3429D769FF00247927 /* Project object */;
			proxyType = 1;
			remoteGlobalIDString = 5FA15E3F29D769FF00247927;
			remoteInfo = "Watch Interval Timer Watch App";
		};
		5FA15E5329D76A0400247927 /* PBXContainerItemProxy */ = {
			isa = PBXContainerItemProxy;
			containerPortal = 5FA15E3429D769FF00247927 /* Project object */;
			proxyType = 1;
			remoteGlobalIDString = 5FA15E3F29D769FF00247927;
			remoteInfo = "Watch Interval Timer Watch App";
		};
		5FA15E5D29D76A0400247927 /* PBXContainerItemProxy */ = {
			isa = PBXContainerItemProxy;
			containerPortal = 5FA15E3429D769FF00247927 /* Project object */;
			proxyType = 1;
			remoteGlobalIDString = 5FA15E3F29D769FF00247927;
			remoteInfo = "Watch Interval Timer Watch App";
		};
/* End PBXContainerItemProxy section */

/* Begin PBXCopyFilesBuildPhase section */
		5F931C1D29D88FF1007BB2A5 /* Embed ExtensionKit Extensions */ = {
			isa = PBXCopyFilesBuildPhase;
			buildActionMask = 2147483647;
			dstPath = "$(EXTENSIONS_FOLDER_PATH)";
			dstSubfolderSpec = 16;
			files = (
			);
			name = "Embed ExtensionKit Extensions";
			runOnlyForDeploymentPostprocessing = 0;
		};
		5F931C3029D8900C007BB2A5 /* Embed Foundation Extensions */ = {
			isa = PBXCopyFilesBuildPhase;
			buildActionMask = 2147483647;
			dstPath = "";
			dstSubfolderSpec = 13;
			files = (
			);
			name = "Embed Foundation Extensions";
			runOnlyForDeploymentPostprocessing = 0;
		};
		5FA15E6929D76A0400247927 /* Embed Watch Content */ = {
			isa = PBXCopyFilesBuildPhase;
			buildActionMask = 2147483647;
			dstPath = "$(CONTENTS_FOLDER_PATH)/Watch";
			dstSubfolderSpec = 16;
			files = (
				5FA15E4129D769FF00247927 /* Watch Interval Timer Watch App.app in Embed Watch Content */,
			);
			name = "Embed Watch Content";
			runOnlyForDeploymentPostprocessing = 0;
		};
/* End PBXCopyFilesBuildPhase section */

/* Begin PBXFileReference section */
		5F931C0B29D88B47007BB2A5 /* Watch Interval Timer Watch App.entitlements */ = {isa = PBXFileReference; lastKnownFileType = text.plist.entitlements; path = "Watch Interval Timer Watch App.entitlements"; sourceTree = "<group>"; };
		5F931C4029D8A5A5007BB2A5 /* Watch-Interval-Timer-Watch-App-Info.plist */ = {isa = PBXFileReference; lastKnownFileType = text.plist; path = "Watch-Interval-Timer-Watch-App-Info.plist"; sourceTree = SOURCE_ROOT; };
		5FA15E3A29D769FF00247927 /* Watch Interval Timer.app */ = {isa = PBXFileReference; explicitFileType = wrapper.application; includeInIndex = 0; path = "Watch Interval Timer.app"; sourceTree = BUILT_PRODUCTS_DIR; };
		5FA15E4029D769FF00247927 /* Watch Interval Timer Watch App.app */ = {isa = PBXFileReference; explicitFileType = wrapper.application; includeInIndex = 0; path = "Watch Interval Timer Watch App.app"; sourceTree = BUILT_PRODUCTS_DIR; };
		5FA15E4529D76A0000247927 /* Watch_Interval_TimerApp.swift */ = {isa = PBXFileReference; lastKnownFileType = sourcecode.swift; path = Watch_Interval_TimerApp.swift; sourceTree = "<group>"; };
		5FA15E4729D76A0000247927 /* ContentView.swift */ = {isa = PBXFileReference; lastKnownFileType = sourcecode.swift; path = ContentView.swift; sourceTree = "<group>"; };
		5FA15E4929D76A0300247927 /* Assets.xcassets */ = {isa = PBXFileReference; lastKnownFileType = folder.assetcatalog; path = Assets.xcassets; sourceTree = "<group>"; };
		5FA15E4C29D76A0300247927 /* Preview Assets.xcassets */ = {isa = PBXFileReference; lastKnownFileType = folder.assetcatalog; path = "Preview Assets.xcassets"; sourceTree = "<group>"; };
		5FA15E5229D76A0400247927 /* Watch Interval Timer Watch AppTests.xctest */ = {isa = PBXFileReference; explicitFileType = wrapper.cfbundle; includeInIndex = 0; path = "Watch Interval Timer Watch AppTests.xctest"; sourceTree = BUILT_PRODUCTS_DIR; };
		5FA15E5629D76A0400247927 /* Watch_Interval_Timer_Watch_AppTests.swift */ = {isa = PBXFileReference; lastKnownFileType = sourcecode.swift; path = Watch_Interval_Timer_Watch_AppTests.swift; sourceTree = "<group>"; };
		5FA15E5C29D76A0400247927 /* Watch Interval Timer Watch AppUITests.xctest */ = {isa = PBXFileReference; explicitFileType = wrapper.cfbundle; includeInIndex = 0; path = "Watch Interval Timer Watch AppUITests.xctest"; sourceTree = BUILT_PRODUCTS_DIR; };
		5FA15E6029D76A0400247927 /* Watch_Interval_Timer_Watch_AppUITests.swift */ = {isa = PBXFileReference; lastKnownFileType = sourcecode.swift; path = Watch_Interval_Timer_Watch_AppUITests.swift; sourceTree = "<group>"; };
		5FA15E6229D76A0400247927 /* Watch_Interval_Timer_Watch_AppUITestsLaunchTests.swift */ = {isa = PBXFileReference; lastKnownFileType = sourcecode.swift; path = Watch_Interval_Timer_Watch_AppUITestsLaunchTests.swift; sourceTree = "<group>"; };
/* End PBXFileReference section */

/* Begin PBXFrameworksBuildPhase section */
		5FA15E3D29D769FF00247927 /* Frameworks */ = {
			isa = PBXFrameworksBuildPhase;
			buildActionMask = 2147483647;
			files = (
			);
			runOnlyForDeploymentPostprocessing = 0;
		};
		5FA15E4F29D76A0400247927 /* Frameworks */ = {
			isa = PBXFrameworksBuildPhase;
			buildActionMask = 2147483647;
			files = (
			);
			runOnlyForDeploymentPostprocessing = 0;
		};
		5FA15E5929D76A0400247927 /* Frameworks */ = {
			isa = PBXFrameworksBuildPhase;
			buildActionMask = 2147483647;
			files = (
			);
			runOnlyForDeploymentPostprocessing = 0;
		};
/* End PBXFrameworksBuildPhase section */

/* Begin PBXGroup section */
		5FA15E3329D769FF00247927 = {
			isa = PBXGroup;
			children = (
				5FA15E4429D769FF00247927 /* Watch Interval Timer Watch App */,
				5FA15E5529D76A0400247927 /* Watch Interval Timer Watch AppTests */,
				5FA15E5F29D76A0400247927 /* Watch Interval Timer Watch AppUITests */,
				5FA15E3B29D769FF00247927 /* Products */,
			);
			sourceTree = "<group>";
		};
		5FA15E3B29D769FF00247927 /* Products */ = {
			isa = PBXGroup;
			children = (
				5FA15E3A29D769FF00247927 /* Watch Interval Timer.app */,
				5FA15E4029D769FF00247927 /* Watch Interval Timer Watch App.app */,
				5FA15E5229D76A0400247927 /* Watch Interval Timer Watch AppTests.xctest */,
				5FA15E5C29D76A0400247927 /* Watch Interval Timer Watch AppUITests.xctest */,
			);
			name = Products;
			sourceTree = "<group>";
		};
		5FA15E4429D769FF00247927 /* Watch Interval Timer Watch App */ = {
			isa = PBXGroup;
			children = (
				5F931C4029D8A5A5007BB2A5 /* Watch-Interval-Timer-Watch-App-Info.plist */,
				5F931C0B29D88B47007BB2A5 /* Watch Interval Timer Watch App.entitlements */,
				5FA15E4529D76A0000247927 /* Watch_Interval_TimerApp.swift */,
				5FA15E4729D76A0000247927 /* ContentView.swift */,
				5FA15E4929D76A0300247927 /* Assets.xcassets */,
				5FA15E4B29D76A0300247927 /* Preview Content */,
			);
			path = "Watch Interval Timer Watch App";
			sourceTree = "<group>";
		};
		5FA15E4B29D76A0300247927 /* Preview Content */ = {
			isa = PBXGroup;
			children = (
				5FA15E4C29D76A0300247927 /* Preview Assets.xcassets */,
			);
			path = "Preview Content";
			sourceTree = "<group>";
		};
		5FA15E5529D76A0400247927 /* Watch Interval Timer Watch AppTests */ = {
			isa = PBXGroup;
			children = (
				5FA15E5629D76A0400247927 /* Watch_Interval_Timer_Watch_AppTests.swift */,
			);
			path = "Watch Interval Timer Watch AppTests";
			sourceTree = "<group>";
		};
		5FA15E5F29D76A0400247927 /* Watch Interval Timer Watch AppUITests */ = {
			isa = PBXGroup;
			children = (
				5FA15E6029D76A0400247927 /* Watch_Interval_Timer_Watch_AppUITests.swift */,
				5FA15E6229D76A0400247927 /* Watch_Interval_Timer_Watch_AppUITestsLaunchTests.swift */,
			);
			path = "Watch Interval Timer Watch AppUITests";
			sourceTree = "<group>";
		};
/* End PBXGroup section */

/* Begin PBXNativeTarget section */
		5FA15E3929D769FF00247927 /* Watch Interval Timer */ = {
			isa = PBXNativeTarget;
			buildConfigurationList = 5FA15E6A29D76A0400247927 /* Build configuration list for PBXNativeTarget "Watch Interval Timer" */;
			buildPhases = (
				5FA15E3829D769FF00247927 /* Resources */,
				5FA15E6929D76A0400247927 /* Embed Watch Content */,
			);
			buildRules = (
			);
			dependencies = (
				5FA15E4329D769FF00247927 /* PBXTargetDependency */,
			);
			name = "Watch Interval Timer";
			productName = "Watch Interval Timer";
			productReference = 5FA15E3A29D769FF00247927 /* Watch Interval Timer.app */;
			productType = "com.apple.product-type.application.watchapp2-container";
		};
		5FA15E3F29D769FF00247927 /* Watch Interval Timer Watch App */ = {
			isa = PBXNativeTarget;
			buildConfigurationList = 5FA15E6629D76A0400247927 /* Build configuration list for PBXNativeTarget "Watch Interval Timer Watch App" */;
			buildPhases = (
				5FA15E3C29D769FF00247927 /* Sources */,
				5FA15E3D29D769FF00247927 /* Frameworks */,
				5FA15E3E29D769FF00247927 /* Resources */,
				5F931C1D29D88FF1007BB2A5 /* Embed ExtensionKit Extensions */,
				5F931C3029D8900C007BB2A5 /* Embed Foundation Extensions */,
			);
			buildRules = (
			);
			dependencies = (
			);
			name = "Watch Interval Timer Watch App";
			productName = "Watch Interval Timer Watch App";
			productReference = 5FA15E4029D769FF00247927 /* Watch Interval Timer Watch App.app */;
			productType = "com.apple.product-type.application";
		};
		5FA15E5129D76A0400247927 /* Watch Interval Timer Watch AppTests */ = {
			isa = PBXNativeTarget;
			buildConfigurationList = 5FA15E6D29D76A0400247927 /* Build configuration list for PBXNativeTarget "Watch Interval Timer Watch AppTests" */;
			buildPhases = (
				5FA15E4E29D76A0400247927 /* Sources */,
				5FA15E4F29D76A0400247927 /* Frameworks */,
				5FA15E5029D76A0400247927 /* Resources */,
			);
			buildRules = (
			);
			dependencies = (
				5FA15E5429D76A0400247927 /* PBXTargetDependency */,
			);
			name = "Watch Interval Timer Watch AppTests";
			productName = "Watch Interval Timer Watch AppTests";
			productReference = 5FA15E5229D76A0400247927 /* Watch Interval Timer Watch AppTests.xctest */;
			productType = "com.apple.product-type.bundle.unit-test";
		};
		5FA15E5B29D76A0400247927 /* Watch Interval Timer Watch AppUITests */ = {
			isa = PBXNativeTarget;
			buildConfigurationList = 5FA15E7029D76A0400247927 /* Build configuration list for PBXNativeTarget "Watch Interval Timer Watch AppUITests" */;
			buildPhases = (
				5FA15E5829D76A0400247927 /* Sources */,
				5FA15E5929D76A0400247927 /* Frameworks */,
				5FA15E5A29D76A0400247927 /* Resources */,
			);
			buildRules = (
			);
			dependencies = (
				5FA15E5E29D76A0400247927 /* PBXTargetDependency */,
			);
			name = "Watch Interval Timer Watch AppUITests";
			productName = "Watch Interval Timer Watch AppUITests";
			productReference = 5FA15E5C29D76A0400247927 /* Watch Interval Timer Watch AppUITests.xctest */;
			productType = "com.apple.product-type.bundle.ui-testing";
		};
/* End PBXNativeTarget section */

/* Begin PBXProject section */
		5FA15E3429D769FF00247927 /* Project object */ = {
			isa = PBXProject;
			attributes = {
				BuildIndependentTargetsInParallel = 1;
				LastSwiftUpdateCheck = 1420;
				LastUpgradeCheck = 1420;
				TargetAttributes = {
					5FA15E3929D769FF00247927 = {
						CreatedOnToolsVersion = 14.2;
					};
					5FA15E3F29D769FF00247927 = {
						CreatedOnToolsVersion = 14.2;
					};
					5FA15E5129D76A0400247927 = {
						CreatedOnToolsVersion = 14.2;
						TestTargetID = 5FA15E3F29D769FF00247927;
					};
					5FA15E5B29D76A0400247927 = {
						CreatedOnToolsVersion = 14.2;
						TestTargetID = 5FA15E3F29D769FF00247927;
					};
				};
			};
			buildConfigurationList = 5FA15E3729D769FF00247927 /* Build configuration list for PBXProject "Watch Interval Timer" */;
			compatibilityVersion = "Xcode 14.0";
			developmentRegion = en;
			hasScannedForEncodings = 0;
			knownRegions = (
				en,
				Base,
			);
			mainGroup = 5FA15E3329D769FF00247927;
			productRefGroup = 5FA15E3B29D769FF00247927 /* Products */;
			projectDirPath = "";
			projectRoot = "";
			targets = (
				5FA15E3929D769FF00247927 /* Watch Interval Timer */,
				5FA15E3F29D769FF00247927 /* Watch Interval Timer Watch App */,
				5FA15E5129D76A0400247927 /* Watch Interval Timer Watch AppTests */,
				5FA15E5B29D76A0400247927 /* Watch Interval Timer Watch AppUITests */,
			);
		};
/* End PBXProject section */

/* Begin PBXResourcesBuildPhase section */
		5FA15E3829D769FF00247927 /* Resources */ = {
			isa = PBXResourcesBuildPhase;
			buildActionMask = 2147483647;
			files = (
			);
			runOnlyForDeploymentPostprocessing = 0;
		};
		5FA15E3E29D769FF00247927 /* Resources */ = {
			isa = PBXResourcesBuildPhase;
			buildActionMask = 2147483647;
			files = (
				5FA15E4D29D76A0300247927 /* Preview Assets.xcassets in Resources */,
				5FA15E4A29D76A0300247927 /* Assets.xcassets in Resources */,
			);
			runOnlyForDeploymentPostprocessing = 0;
		};
		5FA15E5029D76A0400247927 /* Resources */ = {
			isa = PBXResourcesBuildPhase;
			buildActionMask = 2147483647;
			files = (
			);
			runOnlyForDeploymentPostprocessing = 0;
		};
		5FA15E5A29D76A0400247927 /* Resources */ = {
			isa = PBXResourcesBuildPhase;
			buildActionMask = 2147483647;
			files = (
			);
			runOnlyForDeploymentPostprocessing = 0;
		};
/* End PBXResourcesBuildPhase section */

/* Begin PBXSourcesBuildPhase section */
		5FA15E3C29D769FF00247927 /* Sources */ = {
			isa = PBXSourcesBuildPhase;
			buildActionMask = 2147483647;
			files = (
				5FA15E4829D76A0000247927 /* ContentView.swift in Sources */,
				5FA15E4629D76A0000247927 /* Watch_Interval_TimerApp.swift in Sources */,
			);
			runOnlyForDeploymentPostprocessing = 0;
		};
		5FA15E4E29D76A0400247927 /* Sources */ = {
			isa = PBXSourcesBuildPhase;
			buildActionMask = 2147483647;
			files = (
				5FA15E5729D76A0400247927 /* Watch_Interval_Timer_Watch_AppTests.swift in Sources */,
			);
			runOnlyForDeploymentPostprocessing = 0;
		};
		5FA15E5829D76A0400247927 /* Sources */ = {
			isa = PBXSourcesBuildPhase;
			buildActionMask = 2147483647;
			files = (
				5FA15E6129D76A0400247927 /* Watch_Interval_Timer_Watch_AppUITests.swift in Sources */,
				5FA15E6329D76A0400247927 /* Watch_Interval_Timer_Watch_AppUITestsLaunchTests.swift in Sources */,
			);
			runOnlyForDeploymentPostprocessing = 0;
		};
/* End PBXSourcesBuildPhase section */

/* Begin PBXTargetDependency section */
		5FA15E4329D769FF00247927 /* PBXTargetDependency */ = {
			isa = PBXTargetDependency;
			target = 5FA15E3F29D769FF00247927 /* Watch Interval Timer Watch App */;
			targetProxy = 5FA15E4229D769FF00247927 /* PBXContainerItemProxy */;
		};
		5FA15E5429D76A0400247927 /* PBXTargetDependency */ = {
			isa = PBXTargetDependency;
			target = 5FA15E3F29D769FF00247927 /* Watch Interval Timer Watch App */;
			targetProxy = 5FA15E5329D76A0400247927 /* PBXContainerItemProxy */;
		};
		5FA15E5E29D76A0400247927 /* PBXTargetDependency */ = {
			isa = PBXTargetDependency;
			target = 5FA15E3F29D769FF00247927 /* Watch Interval Timer Watch App */;
			targetProxy = 5FA15E5D29D76A0400247927 /* PBXContainerItemProxy */;
		};
/* End PBXTargetDependency section */

/* Begin XCBuildConfiguration section */
		5FA15E6429D76A0400247927 /* Debug */ = {
			isa = XCBuildConfiguration;
			buildSettings = {
				ALWAYS_SEARCH_USER_PATHS = NO;
				CLANG_ANALYZER_NONNULL = YES;
				CLANG_ANALYZER_NUMBER_OBJECT_CONVERSION = YES_AGGRESSIVE;
				CLANG_CXX_LANGUAGE_STANDARD = "gnu++20";
				CLANG_ENABLE_MODULES = YES;
				CLANG_ENABLE_OBJC_ARC = YES;
				CLANG_ENABLE_OBJC_WEAK = YES;
				CLANG_WARN_BLOCK_CAPTURE_AUTORELEASING = YES;
				CLANG_WARN_BOOL_CONVERSION = YES;
				CLANG_WARN_COMMA = YES;
				CLANG_WARN_CONSTANT_CONVERSION = YES;
				CLANG_WARN_DEPRECATED_OBJC_IMPLEMENTATIONS = YES;
				CLANG_WARN_DIRECT_OBJC_ISA_USAGE = YES_ERROR;
				CLANG_WARN_DOCUMENTATION_COMMENTS = YES;
				CLANG_WARN_EMPTY_BODY = YES;
				CLANG_WARN_ENUM_CONVERSION = YES;
				CLANG_WARN_INFINITE_RECURSION = YES;
				CLANG_WARN_INT_CONVERSION = YES;
				CLANG_WARN_NON_LITERAL_NULL_CONVERSION = YES;
				CLANG_WARN_OBJC_IMPLICIT_RETAIN_SELF = YES;
				CLANG_WARN_OBJC_LITERAL_CONVERSION = YES;
				CLANG_WARN_OBJC_ROOT_CLASS = YES_ERROR;
				CLANG_WARN_QUOTED_INCLUDE_IN_FRAMEWORK_HEADER = YES;
				CLANG_WARN_RANGE_LOOP_ANALYSIS = YES;
				CLANG_WARN_STRICT_PROTOTYPES = YES;
				CLANG_WARN_SUSPICIOUS_MOVE = YES;
				CLANG_WARN_UNGUARDED_AVAILABILITY = YES_AGGRESSIVE;
				CLANG_WARN_UNREACHABLE_CODE = YES;
				CLANG_WARN__DUPLICATE_METHOD_MATCH = YES;
				COPY_PHASE_STRIP = NO;
				DEBUG_INFORMATION_FORMAT = dwarf;
				ENABLE_STRICT_OBJC_MSGSEND = YES;
				ENABLE_TESTABILITY = YES;
				GCC_C_LANGUAGE_STANDARD = gnu11;
				GCC_DYNAMIC_NO_PIC = NO;
				GCC_NO_COMMON_BLOCKS = YES;
				GCC_OPTIMIZATION_LEVEL = 0;
				GCC_PREPROCESSOR_DEFINITIONS = (
					"DEBUG=1",
					"$(inherited)",
				);
				GCC_WARN_64_TO_32_BIT_CONVERSION = YES;
				GCC_WARN_ABOUT_RETURN_TYPE = YES_ERROR;
				GCC_WARN_UNDECLARED_SELECTOR = YES;
				GCC_WARN_UNINITIALIZED_AUTOS = YES_AGGRESSIVE;
				GCC_WARN_UNUSED_FUNCTION = YES;
				GCC_WARN_UNUSED_VARIABLE = YES;
				MTL_ENABLE_DEBUG_INFO = INCLUDE_SOURCE;
				MTL_FAST_MATH = YES;
				ONLY_ACTIVE_ARCH = YES;
				SWIFT_ACTIVE_COMPILATION_CONDITIONS = DEBUG;
				SWIFT_OPTIMIZATION_LEVEL = "-Onone";
			};
			name = Debug;
		};
		5FA15E6529D76A0400247927 /* Release */ = {
			isa = XCBuildConfiguration;
			buildSettings = {
				ALWAYS_SEARCH_USER_PATHS = NO;
				CLANG_ANALYZER_NONNULL = YES;
				CLANG_ANALYZER_NUMBER_OBJECT_CONVERSION = YES_AGGRESSIVE;
				CLANG_CXX_LANGUAGE_STANDARD = "gnu++20";
				CLANG_ENABLE_MODULES = YES;
				CLANG_ENABLE_OBJC_ARC = YES;
				CLANG_ENABLE_OBJC_WEAK = YES;
				CLANG_WARN_BLOCK_CAPTURE_AUTORELEASING = YES;
				CLANG_WARN_BOOL_CONVERSION = YES;
				CLANG_WARN_COMMA = YES;
				CLANG_WARN_CONSTANT_CONVERSION = YES;
				CLANG_WARN_DEPRECATED_OBJC_IMPLEMENTATIONS = YES;
				CLANG_WARN_DIRECT_OBJC_ISA_USAGE = YES_ERROR;
				CLANG_WARN_DOCUMENTATION_COMMENTS = YES;
				CLANG_WARN_EMPTY_BODY = YES;
				CLANG_WARN_ENUM_CONVERSION = YES;
				CLANG_WARN_INFINITE_RECURSION = YES;
				CLANG_WARN_INT_CONVERSION = YES;
				CLANG_WARN_NON_LITERAL_NULL_CONVERSION = YES;
				CLANG_WARN_OBJC_IMPLICIT_RETAIN_SELF = YES;
				CLANG_WARN_OBJC_LITERAL_CONVERSION = YES;
				CLANG_WARN_OBJC_ROOT_CLASS = YES_ERROR;
				CLANG_WARN_QUOTED_INCLUDE_IN_FRAMEWORK_HEADER = YES;
				CLANG_WARN_RANGE_LOOP_ANALYSIS = YES;
				CLANG_WARN_STRICT_PROTOTYPES = YES;
				CLANG_WARN_SUSPICIOUS_MOVE = YES;
				CLANG_WARN_UNGUARDED_AVAILABILITY = YES_AGGRESSIVE;
				CLANG_WARN_UNREACHABLE_CODE = YES;
				CLANG_WARN__DUPLICATE_METHOD_MATCH = YES;
				COPY_PHASE_STRIP = NO;
				DEBUG_INFORMATION_FORMAT = "dwarf-with-dsym";
				ENABLE_NS_ASSERTIONS = NO;
				ENABLE_STRICT_OBJC_MSGSEND = YES;
				GCC_C_LANGUAGE_STANDARD = gnu11;
				GCC_NO_COMMON_BLOCKS = YES;
				GCC_WARN_64_TO_32_BIT_CONVERSION = YES;
				GCC_WARN_ABOUT_RETURN_TYPE = YES_ERROR;
				GCC_WARN_UNDECLARED_SELECTOR = YES;
				GCC_WARN_UNINITIALIZED_AUTOS = YES_AGGRESSIVE;
				GCC_WARN_UNUSED_FUNCTION = YES;
				GCC_WARN_UNUSED_VARIABLE = YES;
				MTL_ENABLE_DEBUG_INFO = NO;
				MTL_FAST_MATH = YES;
				SWIFT_COMPILATION_MODE = wholemodule;
				SWIFT_OPTIMIZATION_LEVEL = "-O";
			};
			name = Release;
		};
		5FA15E6729D76A0400247927 /* Debug */ = {
			isa = XCBuildConfiguration;
			buildSettings = {
				ALWAYS_EMBED_SWIFT_STANDARD_LIBRARIES = YES;
				ASSETCATALOG_COMPILER_APPICON_NAME = AppIcon;
				ASSETCATALOG_COMPILER_GLOBAL_ACCENT_COLOR_NAME = AccentColor;
				CODE_SIGN_ENTITLEMENTS = "Watch Interval Timer Watch App/Watch Interval Timer Watch App.entitlements";
				CODE_SIGN_STYLE = Automatic;
				CURRENT_PROJECT_VERSION = 1;
				DEVELOPMENT_ASSET_PATHS = "\"Watch Interval Timer Watch App/Preview Content\"";
				DEVELOPMENT_TEAM = XLQPWS6LL9;
				ENABLE_PREVIEWS = YES;
				GENERATE_INFOPLIST_FILE = YES;
				INFOPLIST_FILE = "Watch-Interval-Timer-Watch-App-Info.plist";
				INFOPLIST_KEY_CFBundleDisplayName = "Watch Interval Timer";
				INFOPLIST_KEY_UISupportedInterfaceOrientations = "UIInterfaceOrientationPortrait UIInterfaceOrientationPortraitUpsideDown";
				INFOPLIST_KEY_WKWatchOnly = YES;
				LD_RUNPATH_SEARCH_PATHS = (
					"$(inherited)",
					"@executable_path/Frameworks",
				);
				MARKETING_VERSION = 1.0;
				PRODUCT_BUNDLE_IDENTIFIER = "Edward-Banner.Watch-Interval-Timer.watchkitapp";
				PRODUCT_NAME = "$(TARGET_NAME)";
				SDKROOT = watchos;
				SKIP_INSTALL = YES;
				SWIFT_EMIT_LOC_STRINGS = YES;
				SWIFT_VERSION = 5.0;
				TARGETED_DEVICE_FAMILY = 4;
				WATCHOS_DEPLOYMENT_TARGET = 9.1;
			};
			name = Debug;
		};
		5FA15E6829D76A0400247927 /* Release */ = {
			isa = XCBuildConfiguration;
			buildSettings = {
				ALWAYS_EMBED_SWIFT_STANDARD_LIBRARIES = YES;
				ASSETCATALOG_COMPILER_APPICON_NAME = AppIcon;
				ASSETCATALOG_COMPILER_GLOBAL_ACCENT_COLOR_NAME = AccentColor;
				CODE_SIGN_ENTITLEMENTS = "Watch Interval Timer Watch App/Watch Interval Timer Watch App.entitlements";
				CODE_SIGN_STYLE = Automatic;
				CURRENT_PROJECT_VERSION = 1;
				DEVELOPMENT_ASSET_PATHS = "\"Watch Interval Timer Watch App/Preview Content\"";
				DEVELOPMENT_TEAM = XLQPWS6LL9;
				ENABLE_PREVIEWS = YES;
				GENERATE_INFOPLIST_FILE = YES;
				INFOPLIST_FILE = "Watch-Interval-Timer-Watch-App-Info.plist";
				INFOPLIST_KEY_CFBundleDisplayName = "Watch Interval Timer";
				INFOPLIST_KEY_UISupportedInterfaceOrientations = "UIInterfaceOrientationPortrait UIInterfaceOrientationPortraitUpsideDown";
				INFOPLIST_KEY_WKWatchOnly = YES;
				LD_RUNPATH_SEARCH_PATHS = (
					"$(inherited)",
					"@executable_path/Frameworks",
				);
				MARKETING_VERSION = 1.0;
				PRODUCT_BUNDLE_IDENTIFIER = "Edward-Banner.Watch-Interval-Timer.watchkitapp";
				PRODUCT_NAME = "$(TARGET_NAME)";
				SDKROOT = watchos;
				SKIP_INSTALL = YES;
				SWIFT_EMIT_LOC_STRINGS = YES;
				SWIFT_VERSION = 5.0;
				TARGETED_DEVICE_FAMILY = 4;
				VALIDATE_PRODUCT = YES;
				WATCHOS_DEPLOYMENT_TARGET = 9.1;
			};
			name = Release;
		};
		5FA15E6B29D76A0400247927 /* Debug */ = {
			isa = XCBuildConfiguration;
			buildSettings = {
				ALWAYS_EMBED_SWIFT_STANDARD_LIBRARIES = YES;
				CODE_SIGN_STYLE = Automatic;
				CURRENT_PROJECT_VERSION = 1;
				DEVELOPMENT_TEAM = XLQPWS6LL9;
				INFOPLIST_KEY_CFBundleDisplayName = "Watch Interval Timer";
				MARKETING_VERSION = 1.0;
				PRODUCT_BUNDLE_IDENTIFIER = "Edward-Banner.Watch-Interval-Timer";
				PRODUCT_NAME = "$(TARGET_NAME)";
				SDKROOT = iphoneos;
				SWIFT_VERSION = 5.0;
			};
			name = Debug;
		};
		5FA15E6C29D76A0400247927 /* Release */ = {
			isa = XCBuildConfiguration;
			buildSettings = {
				ALWAYS_EMBED_SWIFT_STANDARD_LIBRARIES = YES;
				CODE_SIGN_STYLE = Automatic;
				CURRENT_PROJECT_VERSION = 1;
				DEVELOPMENT_TEAM = XLQPWS6LL9;
				INFOPLIST_KEY_CFBundleDisplayName = "Watch Interval Timer";
				MARKETING_VERSION = 1.0;
				PRODUCT_BUNDLE_IDENTIFIER = "Edward-Banner.Watch-Interval-Timer";
				PRODUCT_NAME = "$(TARGET_NAME)";
				SDKROOT = iphoneos;
				SWIFT_VERSION = 5.0;
				VALIDATE_PRODUCT = YES;
			};
			name = Release;
		};
		5FA15E6E29D76A0400247927 /* Debug */ = {
			isa = XCBuildConfiguration;
			buildSettings = {
				ALWAYS_EMBED_SWIFT_STANDARD_LIBRARIES = YES;
				BUNDLE_LOADER = "$(TEST_HOST)";
				CODE_SIGN_STYLE = Automatic;
				CURRENT_PROJECT_VERSION = 1;
				GENERATE_INFOPLIST_FILE = YES;
				MARKETING_VERSION = 1.0;
				PRODUCT_BUNDLE_IDENTIFIER = "Edward-Banner.Watch-Interval-Timer-Watch-AppTests";
				PRODUCT_NAME = "$(TARGET_NAME)";
				SDKROOT = watchos;
				SWIFT_EMIT_LOC_STRINGS = NO;
				SWIFT_VERSION = 5.0;
				TARGETED_DEVICE_FAMILY = 4;
				TEST_HOST = "$(BUILT_PRODUCTS_DIR)/Watch Interval Timer Watch App.app/$(BUNDLE_EXECUTABLE_FOLDER_PATH)/Watch Interval Timer Watch App";
				WATCHOS_DEPLOYMENT_TARGET = 9.1;
			};
			name = Debug;
		};
		5FA15E6F29D76A0400247927 /* Release */ = {
			isa = XCBuildConfiguration;
			buildSettings = {
				ALWAYS_EMBED_SWIFT_STANDARD_LIBRARIES = YES;
				BUNDLE_LOADER = "$(TEST_HOST)";
				CODE_SIGN_STYLE = Automatic;
				CURRENT_PROJECT_VERSION = 1;
				GENERATE_INFOPLIST_FILE = YES;
				MARKETING_VERSION = 1.0;
				PRODUCT_BUNDLE_IDENTIFIER = "Edward-Banner.Watch-Interval-Timer-Watch-AppTests";
				PRODUCT_NAME = "$(TARGET_NAME)";
				SDKROOT = watchos;
				SWIFT_EMIT_LOC_STRINGS = NO;
				SWIFT_VERSION = 5.0;
				TARGETED_DEVICE_FAMILY = 4;
				TEST_HOST = "$(BUILT_PRODUCTS_DIR)/Watch Interval Timer Watch App.app/$(BUNDLE_EXECUTABLE_FOLDER_PATH)/Watch Interval Timer Watch App";
				VALIDATE_PRODUCT = YES;
				WATCHOS_DEPLOYMENT_TARGET = 9.1;
			};
			name = Release;
		};
		5FA15E7129D76A0400247927 /* Debug */ = {
			isa = XCBuildConfiguration;
			buildSettings = {
				ALWAYS_EMBED_SWIFT_STANDARD_LIBRARIES = YES;
				CODE_SIGN_STYLE = Automatic;
				CURRENT_PROJECT_VERSION = 1;
				GENERATE_INFOPLIST_FILE = YES;
				MARKETING_VERSION = 1.0;
				PRODUCT_BUNDLE_IDENTIFIER = "Edward-Banner.Watch-Interval-Timer-Watch-AppUITests";
				PRODUCT_NAME = "$(TARGET_NAME)";
				SDKROOT = watchos;
				SWIFT_EMIT_LOC_STRINGS = NO;
				SWIFT_VERSION = 5.0;
				TARGETED_DEVICE_FAMILY = 4;
				TEST_TARGET_NAME = "Watch Interval Timer Watch App";
				WATCHOS_DEPLOYMENT_TARGET = 9.1;
			};
			name = Debug;
		};
		5FA15E7229D76A0400247927 /* Release */ = {
			isa = XCBuildConfiguration;
			buildSettings = {
				ALWAYS_EMBED_SWIFT_STANDARD_LIBRARIES = YES;
				CODE_SIGN_STYLE = Automatic;
				CURRENT_PROJECT_VERSION = 1;
				GENERATE_INFOPLIST_FILE = YES;
				MARKETING_VERSION = 1.0;
				PRODUCT_BUNDLE_IDENTIFIER = "Edward-Banner.Watch-Interval-Timer-Watch-AppUITests";
				PRODUCT_NAME = "$(TARGET_NAME)";
				SDKROOT = watchos;
				SWIFT_EMIT_LOC_STRINGS = NO;
				SWIFT_VERSION = 5.0;
				TARGETED_DEVICE_FAMILY = 4;
				TEST_TARGET_NAME = "Watch Interval Timer Watch App";
				VALIDATE_PRODUCT = YES;
				WATCHOS_DEPLOYMENT_TARGET = 9.1;
			};
			name = Release;
		};
/* End XCBuildConfiguration section */

/* Begin XCConfigurationList section */
		5FA15E3729D769FF00247927 /* Build configuration list for PBXProject "Watch Interval Timer" */ = {
			isa = XCConfigurationList;
			buildConfigurations = (
				5FA15E6429D76A0400247927 /* Debug */,
				5FA15E6529D76A0400247927 /* Release */,
			);
			defaultConfigurationIsVisible = 0;
			defaultConfigurationName = Release;
		};
		5FA15E6629D76A0400247927 /* Build configuration list for PBXNativeTarget "Watch Interval Timer Watch App" */ = {
			isa = XCConfigurationList;
			buildConfigurations = (
				5FA15E6729D76A0400247927 /* Debug */,
				5FA15E6829D76A0400247927 /* Release */,
			);
			defaultConfigurationIsVisible = 0;
			defaultConfigurationName = Release;
		};
		5FA15E6A29D76A0400247927 /* Build configuration list for PBXNativeTarget "Watch Interval Timer" */ = {
			isa = XCConfigurationList;
			buildConfigurations = (
				5FA15E6B29D76A0400247927 /* Debug */,
				5FA15E6C29D76A0400247927 /* Release */,
			);
			defaultConfigurationIsVisible = 0;
			defaultConfigurationName = Release;
		};
		5FA15E6D29D76A0400247927 /* Build configuration list for PBXNativeTarget "Watch Interval Timer Watch AppTests" */ = {
			isa = XCConfigurationList;
			buildConfigurations = (
				5FA15E6E29D76A0400247927 /* Debug */,
				5FA15E6F29D76A0400247927 /* Release */,
			);
			defaultConfigurationIsVisible = 0;
			defaultConfigurationName = Release;
		};
		5FA15E7029D76A0400247927 /* Build configuration list for PBXNativeTarget "Watch Interval Timer Watch AppUITests" */ = {
			isa = XCConfigurationList;
			buildConfigurations = (
				5FA15E7129D76A0400247927 /* Debug */,
				5FA15E7229D76A0400247927 /* Release */,
			);
			defaultConfigurationIsVisible = 0;
			defaultConfigurationName = Release;
		};
/* End XCConfigurationList section */
	};
	rootObject = 5FA15E3429D769FF00247927 /* Project object */;
}
